
Microsoft Visual Studio Solution File, Format Version 12.00
# Visual Studio Version 17
VisualStudioVersion = 17.9.34714.143
MinimumVisualStudioVersion = 10.0.40219.1
Project("{8BC9CEB8-8B4A-11D0-8D11-00A0C91BC942}") = "InvestmentPlanner", "InvestmentPlanner\InvestmentPlanner.vcxproj", "{3AAB143B-0B33-4D86-98F6-D740640D7A4A}"
EndProject
Global
	GlobalSection(SolutionConfigurationPlatforms) = preSolution
		Debug|x64 = Debug|x64
		Debug|x86 = Debug|x86
		Release|x64 = Release|x64
		Release|x86 = Release|x86
	EndGlobalSection
	GlobalSection(ProjectConfigurationPlatforms) = postSolution
		{3AAB143B-0B33-4D86-98F6-D740640D7A4A}.Debug|x64.ActiveCfg = Debug|x64
		{3AAB143B-0B33-4D86-98F6-D740640D7A4A}.Debug|x64.Build.0 = Debug|x64
		{3AAB143B-0B33-4D86-98F6-D740640D7A4A}.Debug|x86.ActiveCfg = Debug|Win32
		{3AAB143B-0B33-4D86-98F6-D740640D7A4A}.Debug|x86.Build.0 = Debug|Win32
		{3AAB143B-0B33-4D86-98F6-D740640D7A4A}.Release|x64.ActiveCfg = Release|x64
		{3AAB143B-0B33-4D86-98F6-D740640D7A4A}.Release|x64.Build.0 = Release|x64
		{3AAB143B-0B33-4D86-98F6-D740640D7A4A}.Release|x86.ActiveCfg = Release|Win32
		{3AAB143B-0B33-4D86-98F6-D740640D7A4A}.Release|x86.Build.0 = Release|Win32
	EndGlobalSection
	GlobalSection(SolutionProperties) = preSolution
		HideSolutionNode = FALSE
	EndGlobalSection
	GlobalSection(ExtensibilityGlobals) = postSolution
		SolutionGuid = {876C514C-7E90-4383-A03F-D4107FC839B5}
	EndGlobalSection
EndGlobal
