
Microsoft Visual Studio Solution File, Format Version 12.00
# Visual Studio Version 17
VisualStudioVersion = 17.9.34728.123
MinimumVisualStudioVersion = 10.0.40219.1
Project("{8BC9CEB8-8B4A-11D0-8D11-00A0C91BC942}") = "MyCalculator", "MyCalculator\MyCalculator.vcxproj", "{49E364F8-07B6-42E0-ACF1-E1A9D81CACC9}"
EndProject
Global
	GlobalSection(SolutionConfigurationPlatforms) = preSolution
		Debug|x64 = Debug|x64
		Debug|x86 = Debug|x86
		Release|x64 = Release|x64
		Release|x86 = Release|x86
	EndGlobalSection
	GlobalSection(ProjectConfigurationPlatforms) = postSolution
		{49E364F8-07B6-42E0-ACF1-E1A9D81CACC9}.Debug|x64.ActiveCfg = Debug|x64
		{49E364F8-07B6-42E0-ACF1-E1A9D81CACC9}.Debug|x64.Build.0 = Debug|x64
		{49E364F8-07B6-42E0-ACF1-E1A9D81CACC9}.Debug|x86.ActiveCfg = Debug|Win32
		{49E364F8-07B6-42E0-ACF1-E1A9D81CACC9}.Debug|x86.Build.0 = Debug|Win32
		{49E364F8-07B6-42E0-ACF1-E1A9D81CACC9}.Release|x64.ActiveCfg = Release|x64
		{49E364F8-07B6-42E0-ACF1-E1A9D81CACC9}.Release|x64.Build.0 = Release|x64
		{49E364F8-07B6-42E0-ACF1-E1A9D81CACC9}.Release|x86.ActiveCfg = Release|Win32
		{49E364F8-07B6-42E0-ACF1-E1A9D81CACC9}.Release|x86.Build.0 = Release|Win32
	EndGlobalSection
	GlobalSection(SolutionProperties) = preSolution
		HideSolutionNode = FALSE
	EndGlobalSection
	GlobalSection(ExtensibilityGlobals) = postSolution
		SolutionGuid = {A4F00AA0-8E4B-4AE6-8A3E-9AC9FD854F2B}
	EndGlobalSection
EndGlobal
