
Microsoft Visual Studio Solution File, Format Version 12.00
# Visual Studio Version 17
VisualStudioVersion = 17.9.34714.143
MinimumVisualStudioVersion = 10.0.40219.1
Project("{8BC9CEB8-8B4A-11D0-8D11-00A0C91BC942}") = "Animals", "Animals\Animals.vcxproj", "{139BB624-04F0-45EF-8F5F-1C2A8E274A69}"
EndProject
Global
	GlobalSection(SolutionConfigurationPlatforms) = preSolution
		Debug|x64 = Debug|x64
		Debug|x86 = Debug|x86
		Release|x64 = Release|x64
		Release|x86 = Release|x86
	EndGlobalSection
	GlobalSection(ProjectConfigurationPlatforms) = postSolution
		{139BB624-04F0-45EF-8F5F-1C2A8E274A69}.Debug|x64.ActiveCfg = Debug|x64
		{139BB624-04F0-45EF-8F5F-1C2A8E274A69}.Debug|x64.Build.0 = Debug|x64
		{139BB624-04F0-45EF-8F5F-1C2A8E274A69}.Debug|x86.ActiveCfg = Debug|Win32
		{139BB624-04F0-45EF-8F5F-1C2A8E274A69}.Debug|x86.Build.0 = Debug|Win32
		{139BB624-04F0-45EF-8F5F-1C2A8E274A69}.Release|x64.ActiveCfg = Release|x64
		{139BB624-04F0-45EF-8F5F-1C2A8E274A69}.Release|x64.Build.0 = Release|x64
		{139BB624-04F0-45EF-8F5F-1C2A8E274A69}.Release|x86.ActiveCfg = Release|Win32
		{139BB624-04F0-45EF-8F5F-1C2A8E274A69}.Release|x86.Build.0 = Release|Win32
	EndGlobalSection
	GlobalSection(SolutionProperties) = preSolution
		HideSolutionNode = FALSE
	EndGlobalSection
	GlobalSection(ExtensibilityGlobals) = postSolution
		SolutionGuid = {36270046-9E4A-4DA8-9EC8-8FF2B18F6743}
	EndGlobalSection
EndGlobal
